
Microsoft Visual Studio Solution File, Format Version 12.00
# Visual Studio Version 17
VisualStudioVersion = 17.5.33516.290
MinimumVisualStudioVersion = 10.0.40219.1
Project("{FAE04EC0-301F-11D3-BF4B-00C04F79EFBC}") = "SudokuApp", "SudokuApp.csproj", "{B0F2E66D-18E5-4EAB-9E3A-6009CB350AC6}"
EndProject
Global
	GlobalSection(SolutionConfigurationPlatforms) = preSolution
		Debug|Any CPU = Debug|Any CPU
		Release|Any CPU = Release|Any CPU
	EndGlobalSection
	GlobalSection(ProjectConfigurationPlatforms) = postSolution
		{B0F2E66D-18E5-4EAB-9E3A-6009CB350AC6}.Debug|Any CPU.ActiveCfg = Debug|Any CPU
		{B0F2E66D-18E5-4EAB-9E3A-6009CB350AC6}.Debug|Any CPU.Build.0 = Debug|Any CPU
		{B0F2E66D-18E5-4EAB-9E3A-6009CB350AC6}.Release|Any CPU.ActiveCfg = Release|Any CPU
		{B0F2E66D-18E5-4EAB-9E3A-6009CB350AC6}.Release|Any CPU.Build.0 = Release|Any CPU
	EndGlobalSection
	GlobalSection(SolutionProperties) = preSolution
		HideSolutionNode = FALSE
	EndGlobalSection
	GlobalSection(ExtensibilityGlobals) = postSolution
		SolutionGuid = {87C849C5-9760-4CBE-9B58-BBA2B4FEBA12}
	EndGlobalSection
EndGlobal
